
Microsoft Visual Studio Solution File, Format Version 12.00
# Visual Studio Version 17
VisualStudioVersion = 17.12.35707.178 d17.12
MinimumVisualStudioVersion = 10.0.40219.1
Project("{FAE04EC0-301F-11D3-BF4B-00C04F79EFBC}") = "fnPostDataStorage", "fnPostDataStorage\fnPostDataStorage.csproj", "{B622D904-DA8E-4F27-A27C-C0E0186A7D1B}"
EndProject
Project("{FAE04EC0-301F-11D3-BF4B-00C04F79EFBC}") = "fnPostDataBase", "..\fnPostDataBase\fnPostDataBase.csproj", "{677A69BF-9B87-4AAA-AB6B-7FE029CA4808}"
EndProject
Project("{FAE04EC0-301F-11D3-BF4B-00C04F79EFBC}") = "fnGetMovieDetail", "..\fnGetMovieDetail\fnGetMovieDetail.csproj", "{7FAB8B4C-9B20-4668-9384-F2B536803CDA}"
EndProject
Project("{FAE04EC0-301F-11D3-BF4B-00C04F79EFBC}") = "fnGetAllMovies", "..\GetAllMovies\fnGetAllMovies.csproj", "{6907520E-1E2D-4AC3-BA6C-DFF7118CE1CE}"
EndProject
Global
	GlobalSection(SolutionConfigurationPlatforms) = preSolution
		Debug|Any CPU = Debug|Any CPU
		Release|Any CPU = Release|Any CPU
	EndGlobalSection
	GlobalSection(ProjectConfigurationPlatforms) = postSolution
		{B622D904-DA8E-4F27-A27C-C0E0186A7D1B}.Debug|Any CPU.ActiveCfg = Debug|Any CPU
		{B622D904-DA8E-4F27-A27C-C0E0186A7D1B}.Debug|Any CPU.Build.0 = Debug|Any CPU
		{B622D904-DA8E-4F27-A27C-C0E0186A7D1B}.Release|Any CPU.ActiveCfg = Release|Any CPU
		{B622D904-DA8E-4F27-A27C-C0E0186A7D1B}.Release|Any CPU.Build.0 = Release|Any CPU
		{677A69BF-9B87-4AAA-AB6B-7FE029CA4808}.Debug|Any CPU.ActiveCfg = Debug|Any CPU
		{677A69BF-9B87-4AAA-AB6B-7FE029CA4808}.Debug|Any CPU.Build.0 = Debug|Any CPU
		{677A69BF-9B87-4AAA-AB6B-7FE029CA4808}.Release|Any CPU.ActiveCfg = Release|Any CPU
		{677A69BF-9B87-4AAA-AB6B-7FE029CA4808}.Release|Any CPU.Build.0 = Release|Any CPU
		{7FAB8B4C-9B20-4668-9384-F2B536803CDA}.Debug|Any CPU.ActiveCfg = Debug|Any CPU
		{7FAB8B4C-9B20-4668-9384-F2B536803CDA}.Debug|Any CPU.Build.0 = Debug|Any CPU
		{7FAB8B4C-9B20-4668-9384-F2B536803CDA}.Release|Any CPU.ActiveCfg = Release|Any CPU
		{7FAB8B4C-9B20-4668-9384-F2B536803CDA}.Release|Any CPU.Build.0 = Release|Any CPU
		{6907520E-1E2D-4AC3-BA6C-DFF7118CE1CE}.Debug|Any CPU.ActiveCfg = Debug|Any CPU
		{6907520E-1E2D-4AC3-BA6C-DFF7118CE1CE}.Debug|Any CPU.Build.0 = Debug|Any CPU
		{6907520E-1E2D-4AC3-BA6C-DFF7118CE1CE}.Release|Any CPU.ActiveCfg = Release|Any CPU
		{6907520E-1E2D-4AC3-BA6C-DFF7118CE1CE}.Release|Any CPU.Build.0 = Release|Any CPU
	EndGlobalSection
	GlobalSection(SolutionProperties) = preSolution
		HideSolutionNode = FALSE
	EndGlobalSection
EndGlobal
